// !$*UTF8*$!
{
	archiveVersion = 1;
	classes = {
	};
	objectVersion = 55;
	objects = {

/* Begin PBXBuildFile section */
		4E0DED0E2828BFB600DB7DD2 /* Solution_78.swift in Sources */ = {isa = PBXBuildFile; fileRef = 4E0DED0D2828BFB600DB7DD2 /* Solution_78.swift */; };
		4E0DED102828FE3E00DB7DD2 /* Solution_104.swift in Sources */ = {isa = PBXBuildFile; fileRef = 4E0DED0F2828FE3E00DB7DD2 /* Solution_104.swift */; };
		4E0DED12282911CA00DB7DD2 /* Solution_110.swift in Sources */ = {isa = PBXBuildFile; fileRef = 4E0DED11282911CA00DB7DD2 /* Solution_110.swift */; };
		4E0DED14282917D500DB7DD2 /* Solution_124.swift in Sources */ = {isa = PBXBuildFile; fileRef = 4E0DED13282917D500DB7DD2 /* Solution_124.swift */; };
		4E0DED1628291BD500DB7DD2 /* Solution_236.swift in Sources */ = {isa = PBXBuildFile; fileRef = 4E0DED1528291BD500DB7DD2 /* Solution_236.swift */; };
		4E0DED182829F44600DB7DD2 /* Solution_102.swift in Sources */ = {isa = PBXBuildFile; fileRef = 4E0DED172829F44500DB7DD2 /* Solution_102.swift */; };
		4E0DED1A2829FF3D00DB7DD2 /* Solution_107.swift in Sources */ = {isa = PBXBuildFile; fileRef = 4E0DED192829FF3D00DB7DD2 /* Solution_107.swift */; };
		4E0DED1C282A04C900DB7DD2 /* Solution_103.swift in Sources */ = {isa = PBXBuildFile; fileRef = 4E0DED1B282A04C900DB7DD2 /* Solution_103.swift */; };
		4E0DED1E282A13F000DB7DD2 /* Solution_98.swift in Sources */ = {isa = PBXBuildFile; fileRef = 4E0DED1D282A13F000DB7DD2 /* Solution_98.swift */; };
		4E0DED20282A484500DB7DD2 /* Solution_701.swift in Sources */ = {isa = PBXBuildFile; fileRef = 4E0DED1F282A484500DB7DD2 /* Solution_701.swift */; };
		4E0DED22282A52D000DB7DD2 /* Solution_83.swift in Sources */ = {isa = PBXBuildFile; fileRef = 4E0DED21282A52D000DB7DD2 /* Solution_83.swift */; };
		4E0DED25282B472000DB7DD2 /* Solution_82.swift in Sources */ = {isa = PBXBuildFile; fileRef = 4E0DED24282B472000DB7DD2 /* Solution_82.swift */; };
		4E0DED27282B50E600DB7DD2 /* Solution_206.swift in Sources */ = {isa = PBXBuildFile; fileRef = 4E0DED26282B50E600DB7DD2 /* Solution_206.swift */; };
		4E0DED29282B63AA00DB7DD2 /* Solution_92.swift in Sources */ = {isa = PBXBuildFile; fileRef = 4E0DED28282B63AA00DB7DD2 /* Solution_92.swift */; };
		4ED558C62828AE1300FB1B65 /* main.swift in Sources */ = {isa = PBXBuildFile; fileRef = 4ED558C52828AE1200FB1B65 /* main.swift */; };
		4ED558CD2828B07400FB1B65 /* Solution_28.swift in Sources */ = {isa = PBXBuildFile; fileRef = 4ED558CC2828B07400FB1B65 /* Solution_28.swift */; };
/* End PBXBuildFile section */

/* Begin PBXCopyFilesBuildPhase section */
		4ED558C02828AE1200FB1B65 /* CopyFiles */ = {
			isa = PBXCopyFilesBuildPhase;
			buildActionMask = 2147483647;
			dstPath = /usr/share/man/man1/;
			dstSubfolderSpec = 0;
			files = (
			);
			runOnlyForDeploymentPostprocessing = 1;
		};
/* End PBXCopyFilesBuildPhase section */

/* Begin PBXFileReference section */
		4E0DED0D2828BFB600DB7DD2 /* Solution_78.swift */ = {isa = PBXFileReference; lastKnownFileType = sourcecode.swift; path = Solution_78.swift; sourceTree = "<group>"; };
		4E0DED0F2828FE3E00DB7DD2 /* Solution_104.swift */ = {isa = PBXFileReference; lastKnownFileType = sourcecode.swift; path = Solution_104.swift; sourceTree = "<group>"; };
		4E0DED11282911CA00DB7DD2 /* Solution_110.swift */ = {isa = PBXFileReference; lastKnownFileType = sourcecode.swift; path = Solution_110.swift; sourceTree = "<group>"; };
		4E0DED13282917D500DB7DD2 /* Solution_124.swift */ = {isa = PBXFileReference; lastKnownFileType = sourcecode.swift; path = Solution_124.swift; sourceTree = "<group>"; };
		4E0DED1528291BD500DB7DD2 /* Solution_236.swift */ = {isa = PBXFileReference; lastKnownFileType = sourcecode.swift; path = Solution_236.swift; sourceTree = "<group>"; };
		4E0DED172829F44500DB7DD2 /* Solution_102.swift */ = {isa = PBXFileReference; lastKnownFileType = sourcecode.swift; path = Solution_102.swift; sourceTree = "<group>"; };
		4E0DED192829FF3D00DB7DD2 /* Solution_107.swift */ = {isa = PBXFileReference; lastKnownFileType = sourcecode.swift; path = Solution_107.swift; sourceTree = "<group>"; };
		4E0DED1B282A04C900DB7DD2 /* Solution_103.swift */ = {isa = PBXFileReference; lastKnownFileType = sourcecode.swift; path = Solution_103.swift; sourceTree = "<group>"; };
		4E0DED1D282A13F000DB7DD2 /* Solution_98.swift */ = {isa = PBXFileReference; lastKnownFileType = sourcecode.swift; path = Solution_98.swift; sourceTree = "<group>"; };
		4E0DED1F282A484500DB7DD2 /* Solution_701.swift */ = {isa = PBXFileReference; lastKnownFileType = sourcecode.swift; path = Solution_701.swift; sourceTree = "<group>"; };
		4E0DED21282A52D000DB7DD2 /* Solution_83.swift */ = {isa = PBXFileReference; lastKnownFileType = sourcecode.swift; path = Solution_83.swift; sourceTree = "<group>"; };
		4E0DED24282B472000DB7DD2 /* Solution_82.swift */ = {isa = PBXFileReference; lastKnownFileType = sourcecode.swift; path = Solution_82.swift; sourceTree = "<group>"; };
		4E0DED26282B50E600DB7DD2 /* Solution_206.swift */ = {isa = PBXFileReference; lastKnownFileType = sourcecode.swift; path = Solution_206.swift; sourceTree = "<group>"; };
		4E0DED28282B63AA00DB7DD2 /* Solution_92.swift */ = {isa = PBXFileReference; lastKnownFileType = sourcecode.swift; path = Solution_92.swift; sourceTree = "<group>"; };
		4ED558C22828AE1200FB1B65 /* LeetCode-Swift */ = {isa = PBXFileReference; explicitFileType = "compiled.mach-o.executable"; includeInIndex = 0; path = "LeetCode-Swift"; sourceTree = BUILT_PRODUCTS_DIR; };
		4ED558C52828AE1200FB1B65 /* main.swift */ = {isa = PBXFileReference; lastKnownFileType = sourcecode.swift; path = main.swift; sourceTree = "<group>"; };
		4ED558CC2828B07400FB1B65 /* Solution_28.swift */ = {isa = PBXFileReference; lastKnownFileType = sourcecode.swift; path = Solution_28.swift; sourceTree = "<group>"; };
/* End PBXFileReference section */

/* Begin PBXFrameworksBuildPhase section */
		4ED558BF2828AE1200FB1B65 /* Frameworks */ = {
			isa = PBXFrameworksBuildPhase;
			buildActionMask = 2147483647;
			files = (
			);
			runOnlyForDeploymentPostprocessing = 0;
		};
/* End PBXFrameworksBuildPhase section */

/* Begin PBXGroup section */
		4ED558B92828AE1200FB1B65 = {
			isa = PBXGroup;
			children = (
				4ED558C42828AE1200FB1B65 /* LeetCode-Swift */,
				4ED558C32828AE1200FB1B65 /* Products */,
			);
			sourceTree = "<group>";
		};
		4ED558C32828AE1200FB1B65 /* Products */ = {
			isa = PBXGroup;
			children = (
				4ED558C22828AE1200FB1B65 /* LeetCode-Swift */,
			);
			name = Products;
			sourceTree = "<group>";
		};
		4ED558C42828AE1200FB1B65 /* LeetCode-Swift */ = {
			isa = PBXGroup;
			children = (
				4ED558C52828AE1200FB1B65 /* main.swift */,
				4ED558CC2828B07400FB1B65 /* Solution_28.swift */,
				4E0DED0D2828BFB600DB7DD2 /* Solution_78.swift */,
				4E0DED0F2828FE3E00DB7DD2 /* Solution_104.swift */,
				4E0DED11282911CA00DB7DD2 /* Solution_110.swift */,
				4E0DED13282917D500DB7DD2 /* Solution_124.swift */,
				4E0DED1528291BD500DB7DD2 /* Solution_236.swift */,
				4E0DED172829F44500DB7DD2 /* Solution_102.swift */,
				4E0DED192829FF3D00DB7DD2 /* Solution_107.swift */,
				4E0DED1B282A04C900DB7DD2 /* Solution_103.swift */,
				4E0DED1D282A13F000DB7DD2 /* Solution_98.swift */,
				4E0DED1F282A484500DB7DD2 /* Solution_701.swift */,
				4E0DED21282A52D000DB7DD2 /* Solution_83.swift */,
				4E0DED24282B472000DB7DD2 /* Solution_82.swift */,
				4E0DED26282B50E600DB7DD2 /* Solution_206.swift */,
				4E0DED28282B63AA00DB7DD2 /* Solution_92.swift */,
			);
			path = "LeetCode-Swift";
			sourceTree = "<group>";
		};
/* End PBXGroup section */

/* Begin PBXNativeTarget section */
		4ED558C12828AE1200FB1B65 /* LeetCode-Swift */ = {
			isa = PBXNativeTarget;
			buildConfigurationList = 4ED558C92828AE1300FB1B65 /* Build configuration list for PBXNativeTarget "LeetCode-Swift" */;
			buildPhases = (
				4ED558BE2828AE1200FB1B65 /* Sources */,
				4ED558BF2828AE1200FB1B65 /* Frameworks */,
				4ED558C02828AE1200FB1B65 /* CopyFiles */,
			);
			buildRules = (
			);
			dependencies = (
			);
			name = "LeetCode-Swift";
			productName = "LeetCode-Swift";
			productReference = 4ED558C22828AE1200FB1B65 /* LeetCode-Swift */;
			productType = "com.apple.product-type.tool";
		};
/* End PBXNativeTarget section */

/* Begin PBXProject section */
		4ED558BA2828AE1200FB1B65 /* Project object */ = {
			isa = PBXProject;
			attributes = {
				BuildIndependentTargetsInParallel = 1;
				LastSwiftUpdateCheck = 1320;
				LastUpgradeCheck = 1320;
				TargetAttributes = {
					4ED558C12828AE1200FB1B65 = {
						CreatedOnToolsVersion = 13.2.1;
					};
				};
			};
			buildConfigurationList = 4ED558BD2828AE1200FB1B65 /* Build configuration list for PBXProject "LeetCode-Swift" */;
			compatibilityVersion = "Xcode 13.0";
			developmentRegion = en;
			hasScannedForEncodings = 0;
			knownRegions = (
				en,
				Base,
			);
			mainGroup = 4ED558B92828AE1200FB1B65;
			productRefGroup = 4ED558C32828AE1200FB1B65 /* Products */;
			projectDirPath = "";
			projectRoot = "";
			targets = (
				4ED558C12828AE1200FB1B65 /* LeetCode-Swift */,
			);
		};
/* End PBXProject section */

/* Begin PBXSourcesBuildPhase section */
		4ED558BE2828AE1200FB1B65 /* Sources */ = {
			isa = PBXSourcesBuildPhase;
			buildActionMask = 2147483647;
			files = (
				4ED558CD2828B07400FB1B65 /* Solution_28.swift in Sources */,
				4E0DED22282A52D000DB7DD2 /* Solution_83.swift in Sources */,
				4E0DED1628291BD500DB7DD2 /* Solution_236.swift in Sources */,
				4E0DED29282B63AA00DB7DD2 /* Solution_92.swift in Sources */,
				4E0DED12282911CA00DB7DD2 /* Solution_110.swift in Sources */,
				4E0DED1E282A13F000DB7DD2 /* Solution_98.swift in Sources */,
				4E0DED1A2829FF3D00DB7DD2 /* Solution_107.swift in Sources */,
				4E0DED20282A484500DB7DD2 /* Solution_701.swift in Sources */,
				4E0DED27282B50E600DB7DD2 /* Solution_206.swift in Sources */,
				4ED558C62828AE1300FB1B65 /* main.swift in Sources */,
				4E0DED182829F44600DB7DD2 /* Solution_102.swift in Sources */,
				4E0DED102828FE3E00DB7DD2 /* Solution_104.swift in Sources */,
				4E0DED25282B472000DB7DD2 /* Solution_82.swift in Sources */,
				4E0DED1C282A04C900DB7DD2 /* Solution_103.swift in Sources */,
				4E0DED14282917D500DB7DD2 /* Solution_124.swift in Sources */,
				4E0DED0E2828BFB600DB7DD2 /* Solution_78.swift in Sources */,
			);
			runOnlyForDeploymentPostprocessing = 0;
		};
/* End PBXSourcesBuildPhase section */

/* Begin XCBuildConfiguration section */
		4ED558C72828AE1300FB1B65 /* Debug */ = {
			isa = XCBuildConfiguration;
			buildSettings = {
				ALWAYS_SEARCH_USER_PATHS = NO;
				CLANG_ANALYZER_NONNULL = YES;
				CLANG_ANALYZER_NUMBER_OBJECT_CONVERSION = YES_AGGRESSIVE;
				CLANG_CXX_LANGUAGE_STANDARD = "gnu++17";
				CLANG_CXX_LIBRARY = "libc++";
				CLANG_ENABLE_MODULES = YES;
				CLANG_ENABLE_OBJC_ARC = YES;
				CLANG_ENABLE_OBJC_WEAK = YES;
				CLANG_WARN_BLOCK_CAPTURE_AUTORELEASING = YES;
				CLANG_WARN_BOOL_CONVERSION = YES;
				CLANG_WARN_COMMA = YES;
				CLANG_WARN_CONSTANT_CONVERSION = YES;
				CLANG_WARN_DEPRECATED_OBJC_IMPLEMENTATIONS = YES;
				CLANG_WARN_DIRECT_OBJC_ISA_USAGE = YES_ERROR;
				CLANG_WARN_DOCUMENTATION_COMMENTS = YES;
				CLANG_WARN_EMPTY_BODY = YES;
				CLANG_WARN_ENUM_CONVERSION = YES;
				CLANG_WARN_INFINITE_RECURSION = YES;
				CLANG_WARN_INT_CONVERSION = YES;
				CLANG_WARN_NON_LITERAL_NULL_CONVERSION = YES;
				CLANG_WARN_OBJC_IMPLICIT_RETAIN_SELF = YES;
				CLANG_WARN_OBJC_LITERAL_CONVERSION = YES;
				CLANG_WARN_OBJC_ROOT_CLASS = YES_ERROR;
				CLANG_WARN_QUOTED_INCLUDE_IN_FRAMEWORK_HEADER = YES;
				CLANG_WARN_RANGE_LOOP_ANALYSIS = YES;
				CLANG_WARN_STRICT_PROTOTYPES = YES;
				CLANG_WARN_SUSPICIOUS_MOVE = YES;
				CLANG_WARN_UNGUARDED_AVAILABILITY = YES_AGGRESSIVE;
				CLANG_WARN_UNREACHABLE_CODE = YES;
				CLANG_WARN__DUPLICATE_METHOD_MATCH = YES;
				COPY_PHASE_STRIP = NO;
				DEBUG_INFORMATION_FORMAT = dwarf;
				ENABLE_STRICT_OBJC_MSGSEND = YES;
				ENABLE_TESTABILITY = YES;
				GCC_C_LANGUAGE_STANDARD = gnu11;
				GCC_DYNAMIC_NO_PIC = NO;
				GCC_NO_COMMON_BLOCKS = YES;
				GCC_OPTIMIZATION_LEVEL = 0;
				GCC_PREPROCESSOR_DEFINITIONS = (
					"DEBUG=1",
					"$(inherited)",
				);
				GCC_WARN_64_TO_32_BIT_CONVERSION = YES;
				GCC_WARN_ABOUT_RETURN_TYPE = YES_ERROR;
				GCC_WARN_UNDECLARED_SELECTOR = YES;
				GCC_WARN_UNINITIALIZED_AUTOS = YES_AGGRESSIVE;
				GCC_WARN_UNUSED_FUNCTION = YES;
				GCC_WARN_UNUSED_VARIABLE = YES;
				MACOSX_DEPLOYMENT_TARGET = 11.6;
				MTL_ENABLE_DEBUG_INFO = INCLUDE_SOURCE;
				MTL_FAST_MATH = YES;
				ONLY_ACTIVE_ARCH = YES;
				SDKROOT = macosx;
				SWIFT_ACTIVE_COMPILATION_CONDITIONS = DEBUG;
				SWIFT_OPTIMIZATION_LEVEL = "-Onone";
			};
			name = Debug;
		};
		4ED558C82828AE1300FB1B65 /* Release */ = {
			isa = XCBuildConfiguration;
			buildSettings = {
				ALWAYS_SEARCH_USER_PATHS = NO;
				CLANG_ANALYZER_NONNULL = YES;
				CLANG_ANALYZER_NUMBER_OBJECT_CONVERSION = YES_AGGRESSIVE;
				CLANG_CXX_LANGUAGE_STANDARD = "gnu++17";
				CLANG_CXX_LIBRARY = "libc++";
				CLANG_ENABLE_MODULES = YES;
				CLANG_ENABLE_OBJC_ARC = YES;
				CLANG_ENABLE_OBJC_WEAK = YES;
				CLANG_WARN_BLOCK_CAPTURE_AUTORELEASING = YES;
				CLANG_WARN_BOOL_CONVERSION = YES;
				CLANG_WARN_COMMA = YES;
				CLANG_WARN_CONSTANT_CONVERSION = YES;
				CLANG_WARN_DEPRECATED_OBJC_IMPLEMENTATIONS = YES;
				CLANG_WARN_DIRECT_OBJC_ISA_USAGE = YES_ERROR;
				CLANG_WARN_DOCUMENTATION_COMMENTS = YES;
				CLANG_WARN_EMPTY_BODY = YES;
				CLANG_WARN_ENUM_CONVERSION = YES;
				CLANG_WARN_INFINITE_RECURSION = YES;
				CLANG_WARN_INT_CONVERSION = YES;
				CLANG_WARN_NON_LITERAL_NULL_CONVERSION = YES;
				CLANG_WARN_OBJC_IMPLICIT_RETAIN_SELF = YES;
				CLANG_WARN_OBJC_LITERAL_CONVERSION = YES;
				CLANG_WARN_OBJC_ROOT_CLASS = YES_ERROR;
				CLANG_WARN_QUOTED_INCLUDE_IN_FRAMEWORK_HEADER = YES;
				CLANG_WARN_RANGE_LOOP_ANALYSIS = YES;
				CLANG_WARN_STRICT_PROTOTYPES = YES;
				CLANG_WARN_SUSPICIOUS_MOVE = YES;
				CLANG_WARN_UNGUARDED_AVAILABILITY = YES_AGGRESSIVE;
				CLANG_WARN_UNREACHABLE_CODE = YES;
				CLANG_WARN__DUPLICATE_METHOD_MATCH = YES;
				COPY_PHASE_STRIP = NO;
				DEBUG_INFORMATION_FORMAT = "dwarf-with-dsym";
				ENABLE_NS_ASSERTIONS = NO;
				ENABLE_STRICT_OBJC_MSGSEND = YES;
				GCC_C_LANGUAGE_STANDARD = gnu11;
				GCC_NO_COMMON_BLOCKS = YES;
				GCC_WARN_64_TO_32_BIT_CONVERSION = YES;
				GCC_WARN_ABOUT_RETURN_TYPE = YES_ERROR;
				GCC_WARN_UNDECLARED_SELECTOR = YES;
				GCC_WARN_UNINITIALIZED_AUTOS = YES_AGGRESSIVE;
				GCC_WARN_UNUSED_FUNCTION = YES;
				GCC_WARN_UNUSED_VARIABLE = YES;
				MACOSX_DEPLOYMENT_TARGET = 11.6;
				MTL_ENABLE_DEBUG_INFO = NO;
				MTL_FAST_MATH = YES;
				SDKROOT = macosx;
				SWIFT_COMPILATION_MODE = wholemodule;
				SWIFT_OPTIMIZATION_LEVEL = "-O";
			};
			name = Release;
		};
		4ED558CA2828AE1300FB1B65 /* Debug */ = {
			isa = XCBuildConfiguration;
			buildSettings = {
				CODE_SIGN_STYLE = Automatic;
				DEVELOPMENT_TEAM = XHQK4K7546;
				ENABLE_HARDENED_RUNTIME = YES;
				PRODUCT_NAME = "$(TARGET_NAME)";
				SWIFT_VERSION = 5.0;
			};
			name = Debug;
		};
		4ED558CB2828AE1300FB1B65 /* Release */ = {
			isa = XCBuildConfiguration;
			buildSettings = {
				CODE_SIGN_STYLE = Automatic;
				DEVELOPMENT_TEAM = XHQK4K7546;
				ENABLE_HARDENED_RUNTIME = YES;
				PRODUCT_NAME = "$(TARGET_NAME)";
				SWIFT_VERSION = 5.0;
			};
			name = Release;
		};
/* End XCBuildConfiguration section */

/* Begin XCConfigurationList section */
		4ED558BD2828AE1200FB1B65 /* Build configuration list for PBXProject "LeetCode-Swift" */ = {
			isa = XCConfigurationList;
			buildConfigurations = (
				4ED558C72828AE1300FB1B65 /* Debug */,
				4ED558C82828AE1300FB1B65 /* Release */,
			);
			defaultConfigurationIsVisible = 0;
			defaultConfigurationName = Release;
		};
		4ED558C92828AE1300FB1B65 /* Build configuration list for PBXNativeTarget "LeetCode-Swift" */ = {
			isa = XCConfigurationList;
			buildConfigurations = (
				4ED558CA2828AE1300FB1B65 /* Debug */,
				4ED558CB2828AE1300FB1B65 /* Release */,
			);
			defaultConfigurationIsVisible = 0;
			defaultConfigurationName = Release;
		};
/* End XCConfigurationList section */
	};
	rootObject = 4ED558BA2828AE1200FB1B65 /* Project object */;
}
